
Microsoft Visual Studio Solution File, Format Version 12.00
# Visual Studio Version 16
VisualStudioVersion = 16.0.29215.179
MinimumVisualStudioVersion = 10.0.40219.1
Project("{FAE04EC0-301F-11D3-BF4B-00C04F79EFBC}") = "MyArray", "MyArray\MyArray.csproj", "{2CA4250C-3E26-4C97-AF68-D026010E76B6}"
EndProject
Project("{FAE04EC0-301F-11D3-BF4B-00C04F79EFBC}") = "MyBinaryTree", "MyBinaryTree\MyBinaryTree.csproj", "{5F85F866-9BB2-43EC-8E6A-FD667F2567B6}"
EndProject
Global
	GlobalSection(SolutionConfigurationPlatforms) = preSolution
		Debug|Any CPU = Debug|Any CPU
		Release|Any CPU = Release|Any CPU
	EndGlobalSection
	GlobalSection(ProjectConfigurationPlatforms) = postSolution
		{2CA4250C-3E26-4C97-AF68-D026010E76B6}.Debug|Any CPU.ActiveCfg = Debug|Any CPU
		{2CA4250C-3E26-4C97-AF68-D026010E76B6}.Debug|Any CPU.Build.0 = Debug|Any CPU
		{2CA4250C-3E26-4C97-AF68-D026010E76B6}.Release|Any CPU.ActiveCfg = Release|Any CPU
		{2CA4250C-3E26-4C97-AF68-D026010E76B6}.Release|Any CPU.Build.0 = Release|Any CPU
		{5F85F866-9BB2-43EC-8E6A-FD667F2567B6}.Debug|Any CPU.ActiveCfg = Debug|Any CPU
		{5F85F866-9BB2-43EC-8E6A-FD667F2567B6}.Debug|Any CPU.Build.0 = Debug|Any CPU
		{5F85F866-9BB2-43EC-8E6A-FD667F2567B6}.Release|Any CPU.ActiveCfg = Release|Any CPU
		{5F85F866-9BB2-43EC-8E6A-FD667F2567B6}.Release|Any CPU.Build.0 = Release|Any CPU
	EndGlobalSection
	GlobalSection(SolutionProperties) = preSolution
		HideSolutionNode = FALSE
	EndGlobalSection
	GlobalSection(ExtensibilityGlobals) = postSolution
		SolutionGuid = {86DE442D-DB80-4360-9054-6E2F53F3F4E1}
	EndGlobalSection
EndGlobal
